Microsoft Visual Studio Solution File, Format Version 12.00
# Visual Studio 2017
Project("{FAE04EC0-301F-11D3-BF4B-00C04F79EFBC}") = "GameJam2019", "GameJam2019.csproj", "{BA985CDB-A0FB-0AB2-9C47-FE8108CBF2FF}"
EndProject
Global
	GlobalSection(SolutionConfigurationPlatforms) = preSolution
		Debug|Any CPU = Debug|Any CPU
		Release|Any CPU = Release|Any CPU
	EndGlobalSection
	GlobalSection(ProjectConfigurationPlatforms) = postSolution
		{CC11E565-9C7B-C5D8-F2DE-952BCA586533}.Debug|Any CPU.ActiveCfg = Debug|Any CPU
		{CC11E565-9C7B-C5D8-F2DE-952BCA586533}.Debug|Any CPU.Build.0 = Debug|Any CPU
		{CC11E565-9C7B-C5D8-F2DE-952BCA586533}.Release|Any CPU.ActiveCfg = Release|Any CPU
		{CC11E565-9C7B-C5D8-F2DE-952BCA586533}.Release|Any CPU.Build.0 = Release|Any CPU
	EndGlobalSection
	GlobalSection(SolutionProperties) = preSolution
		HideSolutionNode = FALSE
	EndGlobalSection
	GlobalSection(MonoDevelopProperties) = preSolution
		StartupItem = Assembly-CSharp.csproj
	EndGlobalSection
EndGlobal
